# THIS IS AN AUTOGENERATED FILE. DO NOT EDIT THIS FILE DIRECTLY.
# yarn lockfile v1


eslint-plugin-react-hooks@^0.0.0:
  version "0.0.0"
  resolved "https://registry.yarnpkg.com/eslint-plugin-react-hooks/-/eslint-plugin-react-hooks-0.0.0.tgz#9988f14082a159931c3dfa9ba699130457da927a"
  integrity sha512-SXyU7C3E8AJbXKMdb10P/zHazcxzfuWR5OFwAVZKXVU7P/H56NLszVG6WdQBo9Pt80FfnPXtUGGbWhs3/98N4w==
